
Microsoft Visual Studio Solution File, Format Version 12.00
# Visual Studio Version 17
VisualStudioVersion = 17.9.34728.123
MinimumVisualStudioVersion = 10.0.40219.1
Project("{FAE04EC0-301F-11D3-BF4B-00C04F79EFBC}") = "WeatherApp.Server", "WeatherApp.Server\WeatherApp.Server.csproj", "{FAF0A25B-458C-45E1-A4DB-ADA06418388F}"
EndProject
Project("{54A90642-561A-4BB1-A94E-469ADEE60C69}") = "weatherapp.client", "weatherapp.client\weatherapp.client.esproj", "{DC316325-BDC1-46A4-978A-C096146968E4}"
EndProject
Global
	GlobalSection(SolutionConfigurationPlatforms) = preSolution
		Debug|Any CPU = Debug|Any CPU
		Release|Any CPU = Release|Any CPU
	EndGlobalSection
	GlobalSection(ProjectConfigurationPlatforms) = postSolution
		{FAF0A25B-458C-45E1-A4DB-ADA06418388F}.Debug|Any CPU.ActiveCfg = Debug|Any CPU
		{FAF0A25B-458C-45E1-A4DB-ADA06418388F}.Debug|Any CPU.Build.0 = Debug|Any CPU
		{FAF0A25B-458C-45E1-A4DB-ADA06418388F}.Release|Any CPU.ActiveCfg = Release|Any CPU
		{FAF0A25B-458C-45E1-A4DB-ADA06418388F}.Release|Any CPU.Build.0 = Release|Any CPU
		{DC316325-BDC1-46A4-978A-C096146968E4}.Debug|Any CPU.ActiveCfg = Debug|Any CPU
		{DC316325-BDC1-46A4-978A-C096146968E4}.Debug|Any CPU.Build.0 = Debug|Any CPU
		{DC316325-BDC1-46A4-978A-C096146968E4}.Debug|Any CPU.Deploy.0 = Debug|Any CPU
		{DC316325-BDC1-46A4-978A-C096146968E4}.Release|Any CPU.ActiveCfg = Release|Any CPU
		{DC316325-BDC1-46A4-978A-C096146968E4}.Release|Any CPU.Build.0 = Release|Any CPU
		{DC316325-BDC1-46A4-978A-C096146968E4}.Release|Any CPU.Deploy.0 = Release|Any CPU
	EndGlobalSection
	GlobalSection(SolutionProperties) = preSolution
		HideSolutionNode = FALSE
	EndGlobalSection
	GlobalSection(ExtensibilityGlobals) = postSolution
		SolutionGuid = {9B588DBB-A3AD-470D-9143-7BCF3B9A1FCD}
	EndGlobalSection
EndGlobal
